
Microsoft Visual Studio Solution File, Format Version 12.00
# Visual Studio Version 17
VisualStudioVersion = 17.1.32319.34
MinimumVisualStudioVersion = 10.0.40219.1
Project("{FAE04EC0-301F-11D3-BF4B-00C04F79EFBC}") = "PreventEnterKey", "PreventEnterKey\PreventEnterKey.csproj", "{D9C51359-9A2C-4986-8780-03B61D34C8C6}"
EndProject
Global
	GlobalSection(SolutionConfigurationPlatforms) = preSolution
		Debug|Any CPU = Debug|Any CPU
		Release|Any CPU = Release|Any CPU
	EndGlobalSection
	GlobalSection(ProjectConfigurationPlatforms) = postSolution
		{D9C51359-9A2C-4986-8780-03B61D34C8C6}.Debug|Any CPU.ActiveCfg = Debug|Any CPU
		{D9C51359-9A2C-4986-8780-03B61D34C8C6}.Debug|Any CPU.Build.0 = Debug|Any CPU
		{D9C51359-9A2C-4986-8780-03B61D34C8C6}.Release|Any CPU.ActiveCfg = Release|Any CPU
		{D9C51359-9A2C-4986-8780-03B61D34C8C6}.Release|Any CPU.Build.0 = Release|Any CPU
	EndGlobalSection
	GlobalSection(SolutionProperties) = preSolution
		HideSolutionNode = FALSE
	EndGlobalSection
	GlobalSection(ExtensibilityGlobals) = postSolution
		SolutionGuid = {D1FD12B3-3FAB-4314-8503-9B246E26323F}
	EndGlobalSection
EndGlobal
